{
    "_meta": {
        "hash": {
            "sha256": "77f5cce1dbcfc905692c1fcfe85cc078555e3d082dd2847e14a62b829aad9c32"
        },
        "pipfile-spec": 6,
        "requires": {
            "python_version": "3.10"
        },
        "sources": [
            {
                "name": "pypi",
                "url": "https://pypi.org/simple",
                "verify_ssl": true
            }
        ]
    },
    "default": {},
    "develop": {}
}
